schema: '2.0'
stages:
  data-creation:
    cmd: python -W ignore -m src.data_creation
    deps:
    - path: src/data_creation.py
      md5: 76ec9fe9de2a59dccfca9c2f14ea1a4b
      size: 5912
    params:
      params.json:
        data_creation:
          graph_type: watts_strogatz
          prop_model: SI
          training_size: 110
          validation_size: 30
          mean_nodes: 100
          ws_neighbours: 10
          ws_probability: 0.2
          ba_neighbours: 3
          mean_sources: 2
          mean_iters: 35
          sir_beta: 0.01
          sir_gamma: 0.005
          si_beta: 0.01
          small_input: false
    outs:
    - path: data/raw
      md5: ee097d363fc5b6109f4e5834629ccbb6.dir
      size: 2533262
      nfiles: 140
  data-processing:
    cmd: python -W ignore -m src.data_processing
    deps:
    - path: data/raw
      md5: ee097d363fc5b6109f4e5834629ccbb6.dir
      size: 2533262
      nfiles: 140
    - path: src/data_processing.py
      md5: be6f0e1cb3abad81b6009c4780398878
      size: 4389
    params:
      params.json:
        data_creation:
          graph_type: watts_strogatz
          prop_model: SI
          training_size: 110
          validation_size: 30
          mean_nodes: 100
          ws_neighbours: 10
          ws_probability: 0.2
          ba_neighbours: 3
          mean_sources: 2
          mean_iters: 35
          sir_beta: 0.01
          sir_gamma: 0.005
          si_beta: 0.01
          small_input: false
        model: GCNSI
    outs:
    - path: data/processed
      md5: 2371e82003a52c702fce3b428f3b9bf9.dir
      size: 2700350
      nfiles: 142
  training:
    cmd: python -W ignore -m src.training
    deps:
    - path: data/processed
      md5: 2371e82003a52c702fce3b428f3b9bf9.dir
      size: 2700350
      nfiles: 142
    - path: src/training.py
      md5: b3c3a8608984f62adcca0b008b4ae6cb
      size: 2264
    params:
      params.json:
        model: GCNSI
        training:
          epochs: 10
          learning_rate: 0.0008
          hidden_size: 512
          layers: 10
          weight_decay: 1e-08
          alpha: 0.5
    outs:
    - path: models/latest.pth
      md5: e1c1b25f504db87ac3e5c56b6d952490
      size: 1064911
  visualisation:
    cmd: python -W ignore -m src.visualization
    deps:
    - path: data/processed
      md5: 2371e82003a52c702fce3b428f3b9bf9.dir
      size: 2700350
      nfiles: 142
    - path: models/latest.pth
      md5: e1c1b25f504db87ac3e5c56b6d952490
      size: 1064911
    - path: src/visualization.py
      md5: 39204a80bc3aab473a3dbd1af493ca3d
      size: 5397
    params:
      params.json:
        model: GCNSI
        visualization:
          seed: 123
    outs:
    - path: figures
      md5: 37892b0712c07f10c54934df7d993212.dir
      size: 2662059
      nfiles: 15
  validation:
    cmd: python -W ignore -m src.validation
    deps:
    - path: data/processed
      md5: 2371e82003a52c702fce3b428f3b9bf9.dir
      size: 2700350
      nfiles: 142
    - path: models/latest.pth
      md5: e1c1b25f504db87ac3e5c56b6d952490
      size: 1064911
    - path: src/validation.py
      md5: 62b8b5081e4c24d5c0413b03c615d6e4
      size: 12514
    params:
      params.json:
        model: GCNSI
    outs:
    - path: reports/latest.json
      md5: 6c0c9d73c322966708ef707b249f5afc
      size: 1558
