schema: '2.0'
stages:
  data-creation:
    cmd: python -W ignore -m src.data_creation
    deps:
    - path: src/data_creation.py
      md5: 76ec9fe9de2a59dccfca9c2f14ea1a4b
      size: 5746
    params:
      params.json:
        data_creation:
          graph_type: watts_strogatz
          prop_model: SI
          training_size: 100
          validation_size: 30
          mean_nodes: 100
          ws_neighbours: 10
          ws_probability: 0.2
          ba_neighbours: 3
          mean_sources: 2
          mean_iters: 35
          sir_beta: 0.01
          sir_gamma: 0.005
          si_beta: 0.01
          small_input: false
    outs:
    - path: data/raw
      md5: 25f42fa538af8b5607a23ccc8dcb3b78.dir
      size: 2350328
      nfiles: 130
  data-processing:
    cmd: python -W ignore -m src.data_processing
    deps:
    - path: data/raw
      md5: 25f42fa538af8b5607a23ccc8dcb3b78.dir
      size: 2350328
      nfiles: 130
    - path: src/data_processing.py
      md5: be6f0e1cb3abad81b6009c4780398878
      size: 4261
    params:
      params.json:
        data_creation:
          graph_type: watts_strogatz
          prop_model: SI
          training_size: 100
          validation_size: 30
          mean_nodes: 100
          ws_neighbours: 10
          ws_probability: 0.2
          ba_neighbours: 3
          mean_sources: 2
          mean_iters: 35
          sir_beta: 0.01
          sir_gamma: 0.005
          si_beta: 0.01
          small_input: false
        model: GCNR
    outs:
    - path: data/processed
      md5: 4a27ec9499e9cb63c0cb1be7429fa6f7.dir
      size: 2505832
      nfiles: 132
  training:
    cmd: python -W ignore -m src.training
    deps:
    - path: data/processed
      md5: 4a27ec9499e9cb63c0cb1be7429fa6f7.dir
      size: 2505832
      nfiles: 132
    - path: src/training.py
      md5: b3c3a8608984f62adcca0b008b4ae6cb
      size: 2189
    params:
      params.json:
        model: GCNR
        training:
          epochs: 5
          learning_rate: 0.0008
          hidden_size: 512
          layers: 10
          weight_decay: 1e-08
          alpha: 0.5
    outs:
    - path: models/latest.pth
      md5: bb255d7d1a192e69027686eaa72a25ed
      size: 1064911
  visualisation:
    cmd: python -W ignore -m src.visualization
    deps:
    - path: data/processed
      md5: 4a27ec9499e9cb63c0cb1be7429fa6f7.dir
      size: 2505832
      nfiles: 132
    - path: models/latest.pth
      md5: bb255d7d1a192e69027686eaa72a25ed
      size: 1064911
    - path: src/visualization.py
      md5: 39204a80bc3aab473a3dbd1af493ca3d
      size: 5220
    params:
      params.json:
        model: GCNR
        visualization:
          seed: 123
    outs:
    - path: figures
      md5: ef6a3e526442522ea88b7adde64c3fea.dir
      size: 2764542
      nfiles: 15
  validation:
    cmd: python -W ignore -m src.validation
    deps:
    - path: data/processed
      md5: 4a27ec9499e9cb63c0cb1be7429fa6f7.dir
      size: 2505832
      nfiles: 132
    - path: models/latest.pth
      md5: bb255d7d1a192e69027686eaa72a25ed
      size: 1064911
    - path: src/validation.py
      md5: d0fe6584fc4a675aa7f0fd1ac22b4342
      size: 12131
    params:
      params.json:
        model: GCNR
    outs:
    - path: reports/latest.json
      md5: 97f972c50811e80cd35eaa86a424ddce
      size: 1504
